
Microsoft Visual Studio Solution File, Format Version 12.00
# Visual Studio 15
VisualStudioVersion = 15.0.28307.102
MinimumVisualStudioVersion = 10.0.40219.1
Project("{FAE04EC0-301F-11D3-BF4B-00C04F79EFBC}") = "01. Greeting by Name", "..\01. Greeting by Name\01. Greeting by Name.csproj", "{9F14E820-38FC-472D-8533-E92BC29256B2}"
EndProject
Project("{FAE04EC0-301F-11D3-BF4B-00C04F79EFBC}") = "02. Concatenate Data", "02. Concatenate Data\02. Concatenate Data.csproj", "{A4EA363E-743F-47B2-8B38-70AA643B9756}"
EndProject
Global
	GlobalSection(SolutionConfigurationPlatforms) = preSolution
		Debug|Any CPU = Debug|Any CPU
		Release|Any CPU = Release|Any CPU
	EndGlobalSection
	GlobalSection(ProjectConfigurationPlatforms) = postSolution
		{9F14E820-38FC-472D-8533-E92BC29256B2}.Debug|Any CPU.ActiveCfg = Debug|Any CPU
		{9F14E820-38FC-472D-8533-E92BC29256B2}.Debug|Any CPU.Build.0 = Debug|Any CPU
		{9F14E820-38FC-472D-8533-E92BC29256B2}.Release|Any CPU.ActiveCfg = Release|Any CPU
		{9F14E820-38FC-472D-8533-E92BC29256B2}.Release|Any CPU.Build.0 = Release|Any CPU
		{A4EA363E-743F-47B2-8B38-70AA643B9756}.Debug|Any CPU.ActiveCfg = Debug|Any CPU
		{A4EA363E-743F-47B2-8B38-70AA643B9756}.Debug|Any CPU.Build.0 = Debug|Any CPU
		{A4EA363E-743F-47B2-8B38-70AA643B9756}.Release|Any CPU.ActiveCfg = Release|Any CPU
		{A4EA363E-743F-47B2-8B38-70AA643B9756}.Release|Any CPU.Build.0 = Release|Any CPU
	EndGlobalSection
	GlobalSection(SolutionProperties) = preSolution
		HideSolutionNode = FALSE
	EndGlobalSection
	GlobalSection(ExtensibilityGlobals) = postSolution
		SolutionGuid = {9E9ABE1D-E109-4BF5-BCCD-86E09350090F}
	EndGlobalSection
EndGlobal
