
Microsoft Visual Studio Solution File, Format Version 12.00
# Visual Studio 15
VisualStudioVersion = 15.0.28307.102
MinimumVisualStudioVersion = 10.0.40219.1
Project("{FAE04EC0-301F-11D3-BF4B-00C04F79EFBC}") = "01. Read Text", "..\01. Read Text\01. Read Text.csproj", "{8855847A-26D4-4474-AE52-F765A2127287}"
EndProject
Project("{FAE04EC0-301F-11D3-BF4B-00C04F79EFBC}") = "02. Password", "02. Password\02. Password.csproj", "{A2AA8A2A-9E76-4DE3-91FD-460EBC2491A4}"
EndProject
Global
	GlobalSection(SolutionConfigurationPlatforms) = preSolution
		Debug|Any CPU = Debug|Any CPU
		Release|Any CPU = Release|Any CPU
	EndGlobalSection
	GlobalSection(ProjectConfigurationPlatforms) = postSolution
		{8855847A-26D4-4474-AE52-F765A2127287}.Debug|Any CPU.ActiveCfg = Debug|Any CPU
		{8855847A-26D4-4474-AE52-F765A2127287}.Debug|Any CPU.Build.0 = Debug|Any CPU
		{8855847A-26D4-4474-AE52-F765A2127287}.Release|Any CPU.ActiveCfg = Release|Any CPU
		{8855847A-26D4-4474-AE52-F765A2127287}.Release|Any CPU.Build.0 = Release|Any CPU
		{A2AA8A2A-9E76-4DE3-91FD-460EBC2491A4}.Debug|Any CPU.ActiveCfg = Debug|Any CPU
		{A2AA8A2A-9E76-4DE3-91FD-460EBC2491A4}.Debug|Any CPU.Build.0 = Debug|Any CPU
		{A2AA8A2A-9E76-4DE3-91FD-460EBC2491A4}.Release|Any CPU.ActiveCfg = Release|Any CPU
		{A2AA8A2A-9E76-4DE3-91FD-460EBC2491A4}.Release|Any CPU.Build.0 = Release|Any CPU
	EndGlobalSection
	GlobalSection(SolutionProperties) = preSolution
		HideSolutionNode = FALSE
	EndGlobalSection
	GlobalSection(ExtensibilityGlobals) = postSolution
		SolutionGuid = {4B070CE6-C7F0-4068-98F7-43DA17964670}
	EndGlobalSection
EndGlobal
