
Microsoft Visual Studio Solution File, Format Version 12.00
# Visual Studio 15
VisualStudioVersion = 15.0.28307.102
MinimumVisualStudioVersion = 10.0.40219.1
Project("{FAE04EC0-301F-11D3-BF4B-00C04F79EFBC}") = "04. Rectangle Area", "04. Rectangle Area.csproj", "{83870B48-4F3A-4BC8-9027-68F12352048B}"
EndProject
Global
	GlobalSection(SolutionConfigurationPlatforms) = preSolution
		Debug|Any CPU = Debug|Any CPU
		Release|Any CPU = Release|Any CPU
	EndGlobalSection
	GlobalSection(ProjectConfigurationPlatforms) = postSolution
		{83870B48-4F3A-4BC8-9027-68F12352048B}.Debug|Any CPU.ActiveCfg = Debug|Any CPU
		{83870B48-4F3A-4BC8-9027-68F12352048B}.Debug|Any CPU.Build.0 = Debug|Any CPU
		{83870B48-4F3A-4BC8-9027-68F12352048B}.Release|Any CPU.ActiveCfg = Release|Any CPU
		{83870B48-4F3A-4BC8-9027-68F12352048B}.Release|Any CPU.Build.0 = Release|Any CPU
	EndGlobalSection
	GlobalSection(SolutionProperties) = preSolution
		HideSolutionNode = FALSE
	EndGlobalSection
	GlobalSection(ExtensibilityGlobals) = postSolution
		SolutionGuid = {5C24F0B3-D25F-4E67-9BD0-75BCE4FDA76F}
	EndGlobalSection
EndGlobal
